
Microsoft Visual Studio Solution File, Format Version 12.00
# Visual Studio Version 16
VisualStudioVersion = 16.0.32802.440
MinimumVisualStudioVersion = 10.0.40219.1
Project("{FAE04EC0-301F-11D3-BF4B-00C04F79EFBC}") = "RegexHelper", "RegexHelper\RegexHelper.csproj", "{57CBF74C-6E31-4186-9C83-52E033EC7588}"
EndProject
Global
	GlobalSection(SolutionConfigurationPlatforms) = preSolution
		Debug|Any CPU = Debug|Any CPU
		Release|Any CPU = Release|Any CPU
	EndGlobalSection
	GlobalSection(ProjectConfigurationPlatforms) = postSolution
		{57CBF74C-6E31-4186-9C83-52E033EC7588}.Debug|Any CPU.ActiveCfg = Debug|Any CPU
		{57CBF74C-6E31-4186-9C83-52E033EC7588}.Debug|Any CPU.Build.0 = Debug|Any CPU
		{57CBF74C-6E31-4186-9C83-52E033EC7588}.Release|Any CPU.ActiveCfg = Release|Any CPU
		{57CBF74C-6E31-4186-9C83-52E033EC7588}.Release|Any CPU.Build.0 = Release|Any CPU
	EndGlobalSection
	GlobalSection(SolutionProperties) = preSolution
		HideSolutionNode = FALSE
	EndGlobalSection
	GlobalSection(ExtensibilityGlobals) = postSolution
		SolutionGuid = {201126F7-4579-4394-B322-4528FB50D10C}
	EndGlobalSection
EndGlobal
